
Microsoft Visual Studio Solution File, Format Version 12.00
# Visual Studio Version 17
VisualStudioVersion = 17.4.33403.182
MinimumVisualStudioVersion = 10.0.40219.1
Project("{FAE04EC0-301F-11D3-BF4B-00C04F79EFBC}") = "ASP.NET_Lab_4", "ASP.NET_Lab_4\ASP.NET_Lab_4.csproj", "{6DD35729-F7F6-41EF-B569-27525277BBF1}"
EndProject
Global
	GlobalSection(SolutionConfigurationPlatforms) = preSolution
		Debug|Any CPU = Debug|Any CPU
		Release|Any CPU = Release|Any CPU
	EndGlobalSection
	GlobalSection(ProjectConfigurationPlatforms) = postSolution
		{6DD35729-F7F6-41EF-B569-27525277BBF1}.Debug|Any CPU.ActiveCfg = Debug|Any CPU
		{6DD35729-F7F6-41EF-B569-27525277BBF1}.Debug|Any CPU.Build.0 = Debug|Any CPU
		{6DD35729-F7F6-41EF-B569-27525277BBF1}.Release|Any CPU.ActiveCfg = Release|Any CPU
		{6DD35729-F7F6-41EF-B569-27525277BBF1}.Release|Any CPU.Build.0 = Release|Any CPU
	EndGlobalSection
	GlobalSection(SolutionProperties) = preSolution
		HideSolutionNode = FALSE
	EndGlobalSection
	GlobalSection(ExtensibilityGlobals) = postSolution
		SolutionGuid = {740527B2-C5D2-471E-BB9D-4E9908D10383}
	EndGlobalSection
EndGlobal
